
Microsoft Visual Studio Solution File, Format Version 12.00
# Visual Studio Version 16
VisualStudioVersion = 16.0.29102.190
MinimumVisualStudioVersion = 10.0.40219.1
Project("{FAE04EC0-301F-11D3-BF4B-00C04F79EFBC}") = "School DBM", "School DBM.csproj", "{325A9F05-4EFD-45CA-9ADD-7DD73F61D735}"
EndProject
Global
	GlobalSection(SolutionConfigurationPlatforms) = preSolution
		Debug|Any CPU = Debug|Any CPU
		Release|Any CPU = Release|Any CPU
	EndGlobalSection
	GlobalSection(ProjectConfigurationPlatforms) = postSolution
		{325A9F05-4EFD-45CA-9ADD-7DD73F61D735}.Debug|Any CPU.ActiveCfg = Debug|Any CPU
		{325A9F05-4EFD-45CA-9ADD-7DD73F61D735}.Debug|Any CPU.Build.0 = Debug|Any CPU
		{325A9F05-4EFD-45CA-9ADD-7DD73F61D735}.Release|Any CPU.ActiveCfg = Release|Any CPU
		{325A9F05-4EFD-45CA-9ADD-7DD73F61D735}.Release|Any CPU.Build.0 = Release|Any CPU
	EndGlobalSection
	GlobalSection(SolutionProperties) = preSolution
		HideSolutionNode = FALSE
	EndGlobalSection
	GlobalSection(ExtensibilityGlobals) = postSolution
		SolutionGuid = {FF3D6D27-89EF-4257-BC11-8603C9020F9F}
	EndGlobalSection
EndGlobal
